lockfileVersion: 5.3

specifiers:
  vitest: ^0.25.3

devDependencies:
  vitest: mirrors.tencent.com/vitest/0.25.3

packages:

  mirrors.tencent.com/@esbuild/android-arm/0.15.16:
    resolution: {integrity: sha512-nyB6CH++2mSgx3GbnrJsZSxzne5K0HMyNIWafDHqYy7IwxFc4fd/CgHVZXr8Eh+Q3KbIAcAe3vGyqIPhGblvMQ==, registry: https://mirrors.cloud.tencent.com/npm/, tarball: https://mirrors.tencent.com/npm/@esbuild%2fandroid-arm/-/android-arm-0.15.16.tgz}
    name: '@esbuild/android-arm'
    version: 0.15.16
    engines: {node: '>=12'}
    cpu: [arm]
    os: [android]
    requiresBuild: true
    dev: true
    optional: true

  mirrors.tencent.com/@esbuild/linux-loong64/0.15.16:
    resolution: {integrity: sha512-SDLfP1uoB0HZ14CdVYgagllgrG7Mdxhkt4jDJOKl/MldKrkQ6vDJMZKl2+5XsEY/Lzz37fjgLQoJBGuAw/x8kQ==, registry: https://mirrors.cloud.tencent.com/npm/, tarball: https://mirrors.tencent.com/npm/@esbuild%2flinux-loong64/-/linux-loong64-0.15.16.tgz}
    name: '@esbuild/linux-loong64'
    version: 0.15.16
    engines: {node: '>=12'}
    cpu: [loong64]
    os: [linux]
    requiresBuild: true
    dev: true
    optional: true

  mirrors.tencent.com/@types/chai-subset/1.3.3:
    resolution: {integrity: sha512-frBecisrNGz+F4T6bcc+NLeolfiojh5FxW2klu669+8BARtyQv2C/GkNW6FUodVe4BroGMP/wER/YDGc7rEllw==, registry: https://mirrors.cloud.tencent.com/npm/, tarball: https://mirrors.tencent.com/npm/@types%2fchai-subset/-/chai-subset-1.3.3.tgz}
    name: '@types/chai-subset'
    version: 1.3.3
    dependencies:
      '@types/chai': mirrors.tencent.com/@types/chai/4.3.4
    dev: true

  mirrors.tencent.com/@types/chai/4.3.4:
    resolution: {integrity: sha512-KnRanxnpfpjUTqTCXslZSEdLfXExwgNxYPdiO2WGUj8+HDjFi8R3k5RVKPeSCzLjCcshCAtVO2QBbVuAV4kTnw==, registry: https://mirrors.cloud.tencent.com/npm/, tarball: https://mirrors.tencent.com/npm/@types%2fchai/-/chai-4.3.4.tgz}
    name: '@types/chai'
    version: 4.3.4
    dev: true

  mirrors.tencent.com/@types/node/18.11.9:
    resolution: {integrity: sha512-CRpX21/kGdzjOpFsZSkcrXMGIBWMGNIHXXBVFSH+ggkftxg+XYP20TESbh+zFvFj3EQOl5byk0HTRn1IL6hbqg==, registry: https://mirrors.cloud.tencent.com/npm/, tarball: https://mirrors.tencent.com/npm/@types%2fnode/-/node-18.11.9.tgz}
    name: '@types/node'
    version: 18.11.9
    dev: true

  mirrors.tencent.com/acorn-walk/8.2.0:
    resolution: {integrity: sha512-k+iyHEuPgSw6SbuDpGQM+06HQUa04DZ3o+F6CSzXMvvI5KMvnaEqXe+YVe555R9nn6GPt404fos4wcgpw12SDA==, registry: https://mirrors.cloud.tencent.com/npm/, tarball: https://mirrors.tencent.com/npm/acorn-walk/-/acorn-walk-8.2.0.tgz}
    name: acorn-walk
    version: 8.2.0
    engines: {node: '>=0.4.0'}
    dev: true

  mirrors.tencent.com/acorn/8.8.1:
    resolution: {integrity: sha512-7zFpHzhnqYKrkYdUjF1HI1bzd0VygEGX8lFk4k5zVMqHEoES+P+7TKI+EvLO9WVMJ8eekdO0aDEK044xTXwPPA==, registry: https://mirrors.cloud.tencent.com/npm/, tarball: https://mirrors.tencent.com/npm/acorn/-/acorn-8.8.1.tgz}
    name: acorn
    version: 8.8.1
    engines: {node: '>=0.4.0'}
    hasBin: true
    dev: true

  mirrors.tencent.com/assertion-error/1.1.0:
    resolution: {integrity: sha512-jgsaNduz+ndvGyFt3uSuWqvy4lCnIJiovtouQN5JZHOKCS2QuhEdbcQHFhVksz2N2U9hXJo8odG7ETyWlEeuDw==, registry: https://mirrors.cloud.tencent.com/npm/, tarball: https://mirrors.tencent.com/npm/assertion-error/-/assertion-error-1.1.0.tgz}
    name: assertion-error
    version: 1.1.0
    dev: true

  mirrors.tencent.com/chai/4.3.7:
    resolution: {integrity: sha512-HLnAzZ2iupm25PlN0xFreAlBA5zaBSv3og0DdeGA4Ar6h6rJ3A0rolRUKJhSF2V10GZKDgWF/VmAEsNWjCRB+A==, registry: https://mirrors.cloud.tencent.com/npm/, tarball: https://mirrors.tencent.com/npm/chai/-/chai-4.3.7.tgz}
    name: chai
    version: 4.3.7
    engines: {node: '>=4'}
    dependencies:
      assertion-error: mirrors.tencent.com/assertion-error/1.1.0
      check-error: mirrors.tencent.com/check-error/1.0.2
      deep-eql: mirrors.tencent.com/deep-eql/4.1.2
      get-func-name: mirrors.tencent.com/get-func-name/2.0.0
      loupe: mirrors.tencent.com/loupe/2.3.6
      pathval: mirrors.tencent.com/pathval/1.1.1
      type-detect: mirrors.tencent.com/type-detect/4.0.8
    dev: true

  mirrors.tencent.com/check-error/1.0.2:
    resolution: {integrity: sha1-V00xLt2Iu13YkS6Sht1sCu1KrII=, registry: https://mirrors.cloud.tencent.com/npm/, tarball: https://mirrors.tencent.com/npm/check-error/-/check-error-1.0.2.tgz}
    name: check-error
    version: 1.0.2
    dev: true

  mirrors.tencent.com/debug/4.3.4:
    resolution: {integrity: sha512-PRWFHuSU3eDtQJPvnNY7Jcket1j0t5OuOsFzPPzsekD52Zl8qUfFIPEiswXqIvHWGVHOgX+7G/vCNNhehwxfkQ==, registry: https://mirrors.cloud.tencent.com/npm/, tarball: https://mirrors.tencent.com/npm/debug/-/debug-4.3.4.tgz}
    name: debug
    version: 4.3.4
    engines: {node: '>=6.0'}
    peerDependencies:
      supports-color: '*'
    peerDependenciesMeta:
      supports-color:
        optional: true
    dependencies:
      ms: mirrors.tencent.com/ms/2.1.2
    dev: true

  mirrors.tencent.com/deep-eql/4.1.2:
    resolution: {integrity: sha512-gT18+YW4CcW/DBNTwAmqTtkJh7f9qqScu2qFVlx7kCoeY9tlBu9cUcr7+I+Z/noG8INehS3xQgLpTtd/QUTn4w==, registry: https://mirrors.cloud.tencent.com/npm/, tarball: https://mirrors.tencent.com/npm/deep-eql/-/deep-eql-4.1.2.tgz}
    name: deep-eql
    version: 4.1.2
    engines: {node: '>=6'}
    dependencies:
      type-detect: mirrors.tencent.com/type-detect/4.0.8
    dev: true

  mirrors.tencent.com/esbuild-android-64/0.15.16:
    resolution: {integrity: sha512-Vwkv/sT0zMSgPSVO3Jlt1pUbnZuOgtOQJkJkyyJFAlLe7BiT8e9ESzo0zQSx4c3wW4T6kGChmKDPMbWTgtliQA==, registry: https://mirrors.cloud.tencent.com/npm/, tarball: https://mirrors.tencent.com/npm/esbuild-android-64/-/esbuild-android-64-0.15.16.tgz}
    name: esbuild-android-64
    version: 0.15.16
    engines: {node: '>=12'}
    cpu: [x64]
    os: [android]
    requiresBuild: true
    dev: true
    optional: true

  mirrors.tencent.com/esbuild-android-arm64/0.15.16:
    resolution: {integrity: sha512-lqfKuofMExL5niNV3gnhMUYacSXfsvzTa/58sDlBET/hCOG99Zmeh+lz6kvdgvGOsImeo6J9SW21rFCogNPLxg==, registry: https://mirrors.cloud.tencent.com/npm/, tarball: https://mirrors.tencent.com/npm/esbuild-android-arm64/-/esbuild-android-arm64-0.15.16.tgz}
    name: esbuild-android-arm64
    version: 0.15.16
    engines: {node: '>=12'}
    cpu: [arm64]
    os: [android]
    requiresBuild: true
    dev: true
    optional: true

  mirrors.tencent.com/esbuild-darwin-64/0.15.16:
    resolution: {integrity: sha512-wo2VWk/n/9V2TmqUZ/KpzRjCEcr00n7yahEdmtzlrfQ3lfMCf3Wa+0sqHAbjk3C6CKkR3WKK/whkMq5Gj4Da9g==, registry: https://mirrors.cloud.tencent.com/npm/, tarball: https://mirrors.tencent.com/npm/esbuild-darwin-64/-/esbuild-darwin-64-0.15.16.tgz}
    name: esbuild-darwin-64
    version: 0.15.16
    engines: {node: '>=12'}
    cpu: [x64]
    os: [darwin]
    requiresBuild: true
    dev: true
    optional: true

  mirrors.tencent.com/esbuild-darwin-arm64/0.15.16:
    resolution: {integrity: sha512-fMXaUr5ou0M4WnewBKsspMtX++C1yIa3nJ5R2LSbLCfJT3uFdcRoU/NZjoM4kOMKyOD9Sa/2vlgN8G07K3SJnw==, registry: https://mirrors.cloud.tencent.com/npm/, tarball: https://mirrors.tencent.com/npm/esbuild-darwin-arm64/-/esbuild-darwin-arm64-0.15.16.tgz}
    name: esbuild-darwin-arm64
    version: 0.15.16
    engines: {node: '>=12'}
    cpu: [arm64]
    os: [darwin]
    requiresBuild: true
    dev: true
    optional: true

  mirrors.tencent.com/esbuild-freebsd-64/0.15.16:
    resolution: {integrity: sha512-UzIc0xlRx5x9kRuMr+E3+hlSOxa/aRqfuMfiYBXu2jJ8Mzej4lGL7+o6F5hzhLqWfWm1GWHNakIdlqg1ayaTNQ==, registry: https://mirrors.cloud.tencent.com/npm/, tarball: https://mirrors.tencent.com/npm/esbuild-freebsd-64/-/esbuild-freebsd-64-0.15.16.tgz}
    name: esbuild-freebsd-64
    version: 0.15.16
    engines: {node: '>=12'}
    cpu: [x64]
    os: [freebsd]
    requiresBuild: true
    dev: true
    optional: true

  mirrors.tencent.com/esbuild-freebsd-arm64/0.15.16:
    resolution: {integrity: sha512-8xyiYuGc0DLZphFQIiYaLHlfoP+hAN9RHbE+Ibh8EUcDNHAqbQgUrQg7pE7Bo00rXmQ5Ap6KFgcR0b4ALZls1g==, registry: https://mirrors.cloud.tencent.com/npm/, tarball: https://mirrors.tencent.com/npm/esbuild-freebsd-arm64/-/esbuild-freebsd-arm64-0.15.16.tgz}
    name: esbuild-freebsd-arm64
    version: 0.15.16
    engines: {node: '>=12'}
    cpu: [arm64]
    os: [freebsd]
    requiresBuild: true
    dev: true
    optional: true

  mirrors.tencent.com/esbuild-linux-32/0.15.16:
    resolution: {integrity: sha512-iGijUTV+0kIMyUVoynK0v+32Oi8yyp0xwMzX69GX+5+AniNy/C/AL1MjFTsozRp/3xQPl7jVux/PLe2ds10/2w==, registry: https://mirrors.cloud.tencent.com/npm/, tarball: https://mirrors.tencent.com/npm/esbuild-linux-32/-/esbuild-linux-32-0.15.16.tgz}
    name: esbuild-linux-32
    version: 0.15.16
    engines: {node: '>=12'}
    cpu: [ia32]
    os: [linux]
    requiresBuild: true
    dev: true
    optional: true

  mirrors.tencent.com/esbuild-linux-64/0.15.16:
    resolution: {integrity: sha512-tuSOjXdLw7VzaUj89fIdAaQT7zFGbKBcz4YxbWrOiXkwscYgE7HtTxUavreBbnRkGxKwr9iT/gmeJWNm4djy/g==, registry: https://mirrors.cloud.tencent.com/npm/, tarball: https://mirrors.tencent.com/npm/esbuild-linux-64/-/esbuild-linux-64-0.15.16.tgz}
    name: esbuild-linux-64
    version: 0.15.16
    engines: {node: '>=12'}
    cpu: [x64]
    os: [linux]
    requiresBuild: true
    dev: true
    optional: true

  mirrors.tencent.com/esbuild-linux-arm/0.15.16:
    resolution: {integrity: sha512-XKcrxCEXDTOuoRj5l12tJnkvuxXBMKwEC5j0JISw3ziLf0j4zIwXbKbTmUrKFWbo6ZgvNpa7Y5dnbsjVvH39bQ==, registry: https://mirrors.cloud.tencent.com/npm/, tarball: https://mirrors.tencent.com/npm/esbuild-linux-arm/-/esbuild-linux-arm-0.15.16.tgz}
    name: esbuild-linux-arm
    version: 0.15.16
    engines: {node: '>=12'}
    cpu: [arm]
    os: [linux]
    requiresBuild: true
    dev: true
    optional: true

  mirrors.tencent.com/esbuild-linux-arm64/0.15.16:
    resolution: {integrity: sha512-mPYksnfHnemNrvjrDhZyixL/AfbJN0Xn9S34ZOHYdh6/jJcNd8iTsv3JwJoEvTJqjMggjMhGUPJAdjnFBHoH8A==, registry: https://mirrors.cloud.tencent.com/npm/, tarball: https://mirrors.tencent.com/npm/esbuild-linux-arm64/-/esbuild-linux-arm64-0.15.16.tgz}
    name: esbuild-linux-arm64
    version: 0.15.16
    engines: {node: '>=12'}
    cpu: [arm64]
    os: [linux]
    requiresBuild: true
    dev: true
    optional: true

  mirrors.tencent.com/esbuild-linux-mips64le/0.15.16:
    resolution: {integrity: sha512-kSJO2PXaxfm0pWY39+YX+QtpFqyyrcp0ZeI8QPTrcFVQoWEPiPVtOfTZeS3ZKedfH+Ga38c4DSzmKMQJocQv6A==, registry: https://mirrors.cloud.tencent.com/npm/, tarball: https://mirrors.tencent.com/npm/esbuild-linux-mips64le/-/esbuild-linux-mips64le-0.15.16.tgz}
    name: esbuild-linux-mips64le
    version: 0.15.16
    engines: {node: '>=12'}
    cpu: [mips64el]
    os: [linux]
    requiresBuild: true
    dev: true
    optional: true

  mirrors.tencent.com/esbuild-linux-ppc64le/0.15.16:
    resolution: {integrity: sha512-NimPikwkBY0yGABw6SlhKrtT35sU4O23xkhlrTT/O6lSxv3Pm5iSc6OYaqVAHWkLdVf31bF4UDVFO+D990WpAA==, registry: https://mirrors.cloud.tencent.com/npm/, tarball: https://mirrors.tencent.com/npm/esbuild-linux-ppc64le/-/esbuild-linux-ppc64le-0.15.16.tgz}
    name: esbuild-linux-ppc64le
    version: 0.15.16
    engines: {node: '>=12'}
    cpu: [ppc64]
    os: [linux]
    requiresBuild: true
    dev: true
    optional: true

  mirrors.tencent.com/esbuild-linux-riscv64/0.15.16:
    resolution: {integrity: sha512-ty2YUHZlwFOwp7pR+J87M4CVrXJIf5ZZtU/umpxgVJBXvWjhziSLEQxvl30SYfUPq0nzeWKBGw5i/DieiHeKfw==, registry: https://mirrors.cloud.tencent.com/npm/, tarball: https://mirrors.tencent.com/npm/esbuild-linux-riscv64/-/esbuild-linux-riscv64-0.15.16.tgz}
    name: esbuild-linux-riscv64
    version: 0.15.16
    engines: {node: '>=12'}
    cpu: [riscv64]
    os: [linux]
    requiresBuild: true
    dev: true
    optional: true

  mirrors.tencent.com/esbuild-linux-s390x/0.15.16:
    resolution: {integrity: sha512-VkZaGssvPDQtx4fvVdZ9czezmyWyzpQhEbSNsHZZN0BHvxRLOYAQ7sjay8nMQwYswP6O2KlZluRMNPYefFRs+w==, registry: https://mirrors.cloud.tencent.com/npm/, tarball: https://mirrors.tencent.com/npm/esbuild-linux-s390x/-/esbuild-linux-s390x-0.15.16.tgz}
    name: esbuild-linux-s390x
    version: 0.15.16
    engines: {node: '>=12'}
    cpu: [s390x]
    os: [linux]
    requiresBuild: true
    dev: true
    optional: true

  mirrors.tencent.com/esbuild-netbsd-64/0.15.16:
    resolution: {integrity: sha512-ElQ9rhdY51et6MJTWrCPbqOd/YuPowD7Cxx3ee8wlmXQQVW7UvQI6nSprJ9uVFQISqSF5e5EWpwWqXZsECLvXg==, registry: https://mirrors.cloud.tencent.com/npm/, tarball: https://mirrors.tencent.com/npm/esbuild-netbsd-64/-/esbuild-netbsd-64-0.15.16.tgz}
    name: esbuild-netbsd-64
    version: 0.15.16
    engines: {node: '>=12'}
    cpu: [x64]
    os: [netbsd]
    requiresBuild: true
    dev: true
    optional: true

  mirrors.tencent.com/esbuild-openbsd-64/0.15.16:
    resolution: {integrity: sha512-KgxMHyxMCT+NdLQE1zVJEsLSt2QQBAvJfmUGDmgEq8Fvjrf6vSKB00dVHUEDKcJwMID6CdgCpvYNt999tIYhqA==, registry: https://mirrors.cloud.tencent.com/npm/, tarball: https://mirrors.tencent.com/npm/esbuild-openbsd-64/-/esbuild-openbsd-64-0.15.16.tgz}
    name: esbuild-openbsd-64
    version: 0.15.16
    engines: {node: '>=12'}
    cpu: [x64]
    os: [openbsd]
    requiresBuild: true
    dev: true
    optional: true

  mirrors.tencent.com/esbuild-sunos-64/0.15.16:
    resolution: {integrity: sha512-exSAx8Phj7QylXHlMfIyEfNrmqnLxFqLxdQF6MBHPdHAjT7fsKaX6XIJn+aQEFiOcE4X8e7VvdMCJ+WDZxjSRQ==, registry: https://mirrors.cloud.tencent.com/npm/, tarball: https://mirrors.tencent.com/npm/esbuild-sunos-64/-/esbuild-sunos-64-0.15.16.tgz}
    name: esbuild-sunos-64
    version: 0.15.16
    engines: {node: '>=12'}
    cpu: [x64]
    os: [sunos]
    requiresBuild: true
    dev: true
    optional: true

  mirrors.tencent.com/esbuild-windows-32/0.15.16:
    resolution: {integrity: sha512-zQgWpY5pUCSTOwqKQ6/vOCJfRssTvxFuEkpB4f2VUGPBpdddZfdj8hbZuFRdZRPIVHvN7juGcpgCA/XCF37mAQ==, registry: https://mirrors.cloud.tencent.com/npm/, tarball: https://mirrors.tencent.com/npm/esbuild-windows-32/-/esbuild-windows-32-0.15.16.tgz}
    name: esbuild-windows-32
    version: 0.15.16
    engines: {node: '>=12'}
    cpu: [ia32]
    os: [win32]
    requiresBuild: true
    dev: true
    optional: true

  mirrors.tencent.com/esbuild-windows-64/0.15.16:
    resolution: {integrity: sha512-HjW1hHRLSncnM3MBCP7iquatHVJq9l0S2xxsHHj4yzf4nm9TU4Z7k4NkeMlD/dHQ4jPlQQhwcMvwbJiOefSuZw==, registry: https://mirrors.cloud.tencent.com/npm/, tarball: https://mirrors.tencent.com/npm/esbuild-windows-64/-/esbuild-windows-64-0.15.16.tgz}
    name: esbuild-windows-64
    version: 0.15.16
    engines: {node: '>=12'}
    cpu: [x64]
    os: [win32]
    requiresBuild: true
    dev: true
    optional: true

  mirrors.tencent.com/esbuild-windows-arm64/0.15.16:
    resolution: {integrity: sha512-oCcUKrJaMn04Vxy9Ekd8x23O8LoU01+4NOkQ2iBToKgnGj5eo1vU9i27NQZ9qC8NFZgnQQZg5oZWAejmbsppNA==, registry: https://mirrors.cloud.tencent.com/npm/, tarball: https://mirrors.tencent.com/npm/esbuild-windows-arm64/-/esbuild-windows-arm64-0.15.16.tgz}
    name: esbuild-windows-arm64
    version: 0.15.16
    engines: {node: '>=12'}
    cpu: [arm64]
    os: [win32]
    requiresBuild: true
    dev: true
    optional: true

  mirrors.tencent.com/esbuild/0.15.16:
    resolution: {integrity: sha512-o6iS9zxdHrrojjlj6pNGC2NAg86ECZqIETswTM5KmJitq+R1YmahhWtMumeQp9lHqJaROGnsBi2RLawGnfo5ZQ==, registry: https://mirrors.cloud.tencent.com/npm/, tarball: https://mirrors.tencent.com/npm/esbuild/-/esbuild-0.15.16.tgz}
    name: esbuild
    version: 0.15.16
    engines: {node: '>=12'}
    hasBin: true
    requiresBuild: true
    optionalDependencies:
      '@esbuild/android-arm': mirrors.tencent.com/@esbuild/android-arm/0.15.16
      '@esbuild/linux-loong64': mirrors.tencent.com/@esbuild/linux-loong64/0.15.16
      esbuild-android-64: mirrors.tencent.com/esbuild-android-64/0.15.16
      esbuild-android-arm64: mirrors.tencent.com/esbuild-android-arm64/0.15.16
      esbuild-darwin-64: mirrors.tencent.com/esbuild-darwin-64/0.15.16
      esbuild-darwin-arm64: mirrors.tencent.com/esbuild-darwin-arm64/0.15.16
      esbuild-freebsd-64: mirrors.tencent.com/esbuild-freebsd-64/0.15.16
      esbuild-freebsd-arm64: mirrors.tencent.com/esbuild-freebsd-arm64/0.15.16
      esbuild-linux-32: mirrors.tencent.com/esbuild-linux-32/0.15.16
      esbuild-linux-64: mirrors.tencent.com/esbuild-linux-64/0.15.16
      esbuild-linux-arm: mirrors.tencent.com/esbuild-linux-arm/0.15.16
      esbuild-linux-arm64: mirrors.tencent.com/esbuild-linux-arm64/0.15.16
      esbuild-linux-mips64le: mirrors.tencent.com/esbuild-linux-mips64le/0.15.16
      esbuild-linux-ppc64le: mirrors.tencent.com/esbuild-linux-ppc64le/0.15.16
      esbuild-linux-riscv64: mirrors.tencent.com/esbuild-linux-riscv64/0.15.16
      esbuild-linux-s390x: mirrors.tencent.com/esbuild-linux-s390x/0.15.16
      esbuild-netbsd-64: mirrors.tencent.com/esbuild-netbsd-64/0.15.16
      esbuild-openbsd-64: mirrors.tencent.com/esbuild-openbsd-64/0.15.16
      esbuild-sunos-64: mirrors.tencent.com/esbuild-sunos-64/0.15.16
      esbuild-windows-32: mirrors.tencent.com/esbuild-windows-32/0.15.16
      esbuild-windows-64: mirrors.tencent.com/esbuild-windows-64/0.15.16
      esbuild-windows-arm64: mirrors.tencent.com/esbuild-windows-arm64/0.15.16
    dev: true

  mirrors.tencent.com/fsevents/2.3.2:
    resolution: {integrity: sha512-xiqMQR4xAeHTuB9uWm+fFRcIOgKBMiOBP+eXiyT7jsgVCq1bkVygt00oASowB7EdtpOHaaPgKt812P9ab+DDKA==, registry: https://mirrors.cloud.tencent.com/npm/, tarball: https://mirrors.tencent.com/npm/fsevents/-/fsevents-2.3.2.tgz}
    name: fsevents
    version: 2.3.2
    engines: {node: ^8.16.0 || ^10.6.0 || >=11.0.0}
    os: [darwin]
    requiresBuild: true
    dev: true
    optional: true

  mirrors.tencent.com/function-bind/1.1.1:
    resolution: {integrity: sha512-yIovAzMX49sF8Yl58fSCWJ5svSLuaibPxXQJFLmBObTuCr0Mf1KiPopGM9NiFjiYBCbfaa2Fh6breQ6ANVTI0A==, registry: https://mirrors.cloud.tencent.com/npm/, tarball: https://mirrors.tencent.com/npm/function-bind/-/function-bind-1.1.1.tgz}
    name: function-bind
    version: 1.1.1
    dev: true

  mirrors.tencent.com/get-func-name/2.0.0:
    resolution: {integrity: sha1-6td0q+5y4gQJQzoGY2YCPdaIekE=, registry: https://mirrors.cloud.tencent.com/npm/, tarball: https://mirrors.tencent.com/npm/get-func-name/-/get-func-name-2.0.0.tgz}
    name: get-func-name
    version: 2.0.0
    dev: true

  mirrors.tencent.com/has/1.0.3:
    resolution: {integrity: sha512-f2dvO0VU6Oej7RkWJGrehjbzMAjFp5/VKPp5tTpWIV4JHHZK1/BxbFRtf/siA2SWTe09caDmVtYYzWEIbBS4zw==, registry: https://mirrors.cloud.tencent.com/npm/, tarball: https://mirrors.tencent.com/npm/has/-/has-1.0.3.tgz}
    name: has
    version: 1.0.3
    engines: {node: '>= 0.4.0'}
    dependencies:
      function-bind: mirrors.tencent.com/function-bind/1.1.1
    dev: true

  mirrors.tencent.com/is-core-module/2.11.0:
    resolution: {integrity: sha512-RRjxlvLDkD1YJwDbroBHMb+cukurkDWNyHx7D3oNB5x9rb5ogcksMC5wHCadcXoo67gVr/+3GFySh3134zi6rw==, registry: https://mirrors.cloud.tencent.com/npm/, tarball: https://mirrors.tencent.com/npm/is-core-module/-/is-core-module-2.11.0.tgz}
    name: is-core-module
    version: 2.11.0
    dependencies:
      has: mirrors.tencent.com/has/1.0.3
    dev: true

  mirrors.tencent.com/local-pkg/0.4.2:
    resolution: {integrity: sha512-mlERgSPrbxU3BP4qBqAvvwlgW4MTg78iwJdGGnv7kibKjWcJksrG3t6LB5lXI93wXRDvG4NpUgJFmTG4T6rdrg==, registry: https://mirrors.cloud.tencent.com/npm/, tarball: https://mirrors.tencent.com/npm/local-pkg/-/local-pkg-0.4.2.tgz}
    name: local-pkg
    version: 0.4.2
    engines: {node: '>=14'}
    dev: true

  mirrors.tencent.com/loupe/2.3.6:
    resolution: {integrity: sha512-RaPMZKiMy8/JruncMU5Bt6na1eftNoo++R4Y+N2FrxkDVTrGvcyzFTsaGif4QTeKESheMGegbhw6iUAq+5A8zA==, registry: https://mirrors.cloud.tencent.com/npm/, tarball: https://mirrors.tencent.com/npm/loupe/-/loupe-2.3.6.tgz}
    name: loupe
    version: 2.3.6
    dependencies:
      get-func-name: mirrors.tencent.com/get-func-name/2.0.0
    dev: true

  mirrors.tencent.com/ms/2.1.2:
    resolution: {integrity: sha512-sGkPx+VjMtmA6MX27oA4FBFELFCZZ4S4XqeGOXCv68tT+jb3vk/RyaKWP0PTKyWtmLSM0b+adUTEvbs1PEaH2w==, registry: https://mirrors.cloud.tencent.com/npm/, tarball: https://mirrors.tencent.com/npm/ms/-/ms-2.1.2.tgz}
    name: ms
    version: 2.1.2
    dev: true

  mirrors.tencent.com/nanoid/3.3.4:
    resolution: {integrity: sha512-MqBkQh/OHTS2egovRtLk45wEyNXwF+cokD+1YPf9u5VfJiRdAiRwB2froX5Co9Rh20xs4siNPm8naNotSD6RBw==, registry: https://mirrors.cloud.tencent.com/npm/, tarball: https://mirrors.tencent.com/npm/nanoid/-/nanoid-3.3.4.tgz}
    name: nanoid
    version: 3.3.4
    engines: {node: ^10 || ^12 || ^13.7 || ^14 || >=15.0.1}
    hasBin: true
    dev: true

  mirrors.tencent.com/path-parse/1.0.7:
    resolution: {integrity: sha512-LDJzPVEEEPR+y48z93A0Ed0yXb8pAByGWo/k5YYdYgpY2/2EsOsksJrq7lOHxryrVOn1ejG6oAp8ahvOIQD8sw==, registry: https://mirrors.cloud.tencent.com/npm/, tarball: https://mirrors.tencent.com/npm/path-parse/-/path-parse-1.0.7.tgz}
    name: path-parse
    version: 1.0.7
    dev: true

  mirrors.tencent.com/pathval/1.1.1:
    resolution: {integrity: sha512-Dp6zGqpTdETdR63lehJYPeIOqpiNBNtc7BpWSLrOje7UaIsE5aY92r/AunQA7rsXvet3lrJ3JnZX29UPTKXyKQ==, registry: https://mirrors.cloud.tencent.com/npm/, tarball: https://mirrors.tencent.com/npm/pathval/-/pathval-1.1.1.tgz}
    name: pathval
    version: 1.1.1
    dev: true

  mirrors.tencent.com/picocolors/1.0.0:
    resolution: {integrity: sha512-1fygroTLlHu66zi26VoTDv8yRgm0Fccecssto+MhsZ0D/DGW2sm8E8AjW7NU5VVTRt5GxbeZ5qBuJr+HyLYkjQ==, registry: https://mirrors.cloud.tencent.com/npm/, tarball: https://mirrors.tencent.com/npm/picocolors/-/picocolors-1.0.0.tgz}
    name: picocolors
    version: 1.0.0
    dev: true

  mirrors.tencent.com/postcss/8.4.19:
    resolution: {integrity: sha512-h+pbPsyhlYj6N2ozBmHhHrs9DzGmbaarbLvWipMRO7RLS+v4onj26MPFXA5OBYFxyqYhUJK456SwDcY9H2/zsA==, registry: https://mirrors.cloud.tencent.com/npm/, tarball: https://mirrors.tencent.com/npm/postcss/-/postcss-8.4.19.tgz}
    name: postcss
    version: 8.4.19
    engines: {node: ^10 || ^12 || >=14}
    dependencies:
      nanoid: mirrors.tencent.com/nanoid/3.3.4
      picocolors: mirrors.tencent.com/picocolors/1.0.0
      source-map-js: mirrors.tencent.com/source-map-js/1.0.2
    dev: true

  mirrors.tencent.com/resolve/1.22.1:
    resolution: {integrity: sha512-nBpuuYuY5jFsli/JIs1oldw6fOQCBioohqWZg/2hiaOybXOft4lonv85uDOKXdf8rhyK159cxU5cDcK/NKk8zw==, registry: https://mirrors.cloud.tencent.com/npm/, tarball: https://mirrors.tencent.com/npm/resolve/-/resolve-1.22.1.tgz}
    name: resolve
    version: 1.22.1
    hasBin: true
    dependencies:
      is-core-module: mirrors.tencent.com/is-core-module/2.11.0
      path-parse: mirrors.tencent.com/path-parse/1.0.7
      supports-preserve-symlinks-flag: mirrors.tencent.com/supports-preserve-symlinks-flag/1.0.0
    dev: true

  mirrors.tencent.com/rollup/2.79.1:
    resolution: {integrity: sha512-uKxbd0IhMZOhjAiD5oAFp7BqvkA4Dv47qpOCtaNvng4HBwdbWtdOh8f5nZNuk2rp51PMGk3bzfWu5oayNEuYnw==, registry: https://mirrors.cloud.tencent.com/npm/, tarball: https://mirrors.tencent.com/npm/rollup/-/rollup-2.79.1.tgz}
    name: rollup
    version: 2.79.1
    engines: {node: '>=10.0.0'}
    hasBin: true
    optionalDependencies:
      fsevents: mirrors.tencent.com/fsevents/2.3.2
    dev: true

  mirrors.tencent.com/source-map-js/1.0.2:
    resolution: {integrity: sha512-R0XvVJ9WusLiqTCEiGCmICCMplcCkIwwR11mOSD9CR5u+IXYdiseeEuXCVAjS54zqwkLcPNnmU4OeJ6tUrWhDw==, registry: https://mirrors.cloud.tencent.com/npm/, tarball: https://mirrors.tencent.com/npm/source-map-js/-/source-map-js-1.0.2.tgz}
    name: source-map-js
    version: 1.0.2
    engines: {node: '>=0.10.0'}
    dev: true

  mirrors.tencent.com/source-map/0.6.1:
    resolution: {integrity: sha512-UjgapumWlbMhkBgzT7Ykc5YXUT46F0iKu8SGXq0bcwP5dz/h0Plj6enJqjz1Zbq2l5WaqYnrVbwWOWMyF3F47g==, registry: https://mirrors.cloud.tencent.com/npm/, tarball: https://mirrors.tencent.com/npm/source-map/-/source-map-0.6.1.tgz}
    name: source-map
    version: 0.6.1
    engines: {node: '>=0.10.0'}
    dev: true

  mirrors.tencent.com/strip-literal/0.4.2:
    resolution: {integrity: sha512-pv48ybn4iE1O9RLgCAN0iU4Xv7RlBTiit6DKmMiErbs9x1wH6vXBs45tWc0H5wUIF6TLTrKweqkmYF/iraQKNw==, registry: https://mirrors.cloud.tencent.com/npm/, tarball: https://mirrors.tencent.com/npm/strip-literal/-/strip-literal-0.4.2.tgz}
    name: strip-literal
    version: 0.4.2
    dependencies:
      acorn: mirrors.tencent.com/acorn/8.8.1
    dev: true

  mirrors.tencent.com/supports-preserve-symlinks-flag/1.0.0:
    resolution: {integrity: sha512-ot0WnXS9fgdkgIcePe6RHNk1WA8+muPa6cSjeR3V8K27q9BB1rTE3R1p7Hv0z1ZyAc8s6Vvv8DIyWf681MAt0w==, registry: https://mirrors.cloud.tencent.com/npm/, tarball: https://mirrors.tencent.com/npm/supports-preserve-symlinks-flag/-/supports-preserve-symlinks-flag-1.0.0.tgz}
    name: supports-preserve-symlinks-flag
    version: 1.0.0
    engines: {node: '>= 0.4'}
    dev: true

  mirrors.tencent.com/tinybench/2.3.1:
    resolution: {integrity: sha512-hGYWYBMPr7p4g5IarQE7XhlyWveh1EKhy4wUBS1LrHXCKYgvz+4/jCqgmJqZxxldesn05vccrtME2RLLZNW7iA==, registry: https://mirrors.cloud.tencent.com/npm/, tarball: https://mirrors.tencent.com/npm/tinybench/-/tinybench-2.3.1.tgz}
    name: tinybench
    version: 2.3.1
    dev: true

  mirrors.tencent.com/tinypool/0.3.0:
    resolution: {integrity: sha512-NX5KeqHOBZU6Bc0xj9Vr5Szbb1j8tUHIeD18s41aDJaPeC5QTdEhK0SpdpUrZlj2nv5cctNcSjaKNanXlfcVEQ==, registry: https://mirrors.cloud.tencent.com/npm/, tarball: https://mirrors.tencent.com/npm/tinypool/-/tinypool-0.3.0.tgz}
    name: tinypool
    version: 0.3.0
    engines: {node: '>=14.0.0'}
    dev: true

  mirrors.tencent.com/tinyspy/1.0.2:
    resolution: {integrity: sha512-bSGlgwLBYf7PnUsQ6WOc6SJ3pGOcd+d8AA6EUnLDDM0kWEstC1JIlSZA3UNliDXhd9ABoS7hiRBDCu+XP/sf1Q==, registry: https://mirrors.cloud.tencent.com/npm/, tarball: https://mirrors.tencent.com/npm/tinyspy/-/tinyspy-1.0.2.tgz}
    name: tinyspy
    version: 1.0.2
    engines: {node: '>=14.0.0'}
    dev: true

  mirrors.tencent.com/type-detect/4.0.8:
    resolution: {integrity: sha512-0fr/mIH1dlO+x7TlcMy+bIDqKPsw/70tVyeHW787goQjhmqaZe10uwLujubK9q9Lg6Fiho1KUKDYz0Z7k7g5/g==, registry: https://mirrors.cloud.tencent.com/npm/, tarball: https://mirrors.tencent.com/npm/type-detect/-/type-detect-4.0.8.tgz}
    name: type-detect
    version: 4.0.8
    engines: {node: '>=4'}
    dev: true

  mirrors.tencent.com/vite/3.2.4_@types+node@18.11.9:
    resolution: {integrity: sha512-Z2X6SRAffOUYTa+sLy3NQ7nlHFU100xwanq1WDwqaiFiCe+25zdxP1TfCS5ojPV2oDDcXudHIoPnI1Z/66B7Yw==, registry: https://mirrors.cloud.tencent.com/npm/, tarball: https://mirrors.tencent.com/npm/vite/-/vite-3.2.4.tgz}
    id: mirrors.tencent.com/vite/3.2.4
    name: vite
    version: 3.2.4
    engines: {node: ^14.18.0 || >=16.0.0}
    hasBin: true
    peerDependencies:
      '@types/node': '>= 14'
      less: '*'
      sass: '*'
      stylus: '*'
      sugarss: '*'
      terser: ^5.4.0
    peerDependenciesMeta:
      '@types/node':
        optional: true
      less:
        optional: true
      sass:
        optional: true
      stylus:
        optional: true
      sugarss:
        optional: true
      terser:
        optional: true
    dependencies:
      '@types/node': mirrors.tencent.com/@types/node/18.11.9
      esbuild: mirrors.tencent.com/esbuild/0.15.16
      postcss: mirrors.tencent.com/postcss/8.4.19
      resolve: mirrors.tencent.com/resolve/1.22.1
      rollup: mirrors.tencent.com/rollup/2.79.1
    optionalDependencies:
      fsevents: mirrors.tencent.com/fsevents/2.3.2
    dev: true

  mirrors.tencent.com/vitest/0.25.3:
    resolution: {integrity: sha512-/UzHfXIKsELZhL7OaM2xFlRF8HRZgAHtPctacvNK8H4vOcbJJAMEgbWNGSAK7Y9b1NBe5SeM7VTuz2RsTHFJJA==, registry: https://mirrors.cloud.tencent.com/npm/, tarball: https://mirrors.tencent.com/npm/vitest/-/vitest-0.25.3.tgz}
    name: vitest
    version: 0.25.3
    engines: {node: '>=v14.16.0'}
    hasBin: true
    peerDependencies:
      '@edge-runtime/vm': '*'
      '@vitest/browser': '*'
      '@vitest/ui': '*'
      happy-dom: '*'
      jsdom: '*'
    peerDependenciesMeta:
      '@edge-runtime/vm':
        optional: true
      '@vitest/browser':
        optional: true
      '@vitest/ui':
        optional: true
      happy-dom:
        optional: true
      jsdom:
        optional: true
    dependencies:
      '@types/chai': mirrors.tencent.com/@types/chai/4.3.4
      '@types/chai-subset': mirrors.tencent.com/@types/chai-subset/1.3.3
      '@types/node': mirrors.tencent.com/@types/node/18.11.9
      acorn: mirrors.tencent.com/acorn/8.8.1
      acorn-walk: mirrors.tencent.com/acorn-walk/8.2.0
      chai: mirrors.tencent.com/chai/4.3.7
      debug: mirrors.tencent.com/debug/4.3.4
      local-pkg: mirrors.tencent.com/local-pkg/0.4.2
      source-map: mirrors.tencent.com/source-map/0.6.1
      strip-literal: mirrors.tencent.com/strip-literal/0.4.2
      tinybench: mirrors.tencent.com/tinybench/2.3.1
      tinypool: mirrors.tencent.com/tinypool/0.3.0
      tinyspy: mirrors.tencent.com/tinyspy/1.0.2
      vite: mirrors.tencent.com/vite/3.2.4_@types+node@18.11.9
    transitivePeerDependencies:
      - less
      - sass
      - stylus
      - sugarss
      - supports-color
      - terser
    dev: true
